{
  "name": "mary-poppins",
  "version": "0.3.1",
  "dependencies": {
    "commander": {
      "version": "1.1.1",
      "from": "commander@>=1.1.1 <1.2.0",
      "resolved": "https://registry.npmjs.org/commander/-/commander-1.1.1.tgz",
      "dependencies": {
        "keypress": {
          "version": "0.1.0",
          "from": "keypress@>=0.1.0 <0.2.0",
          "resolved": "https://registry.npmjs.org/keypress/-/keypress-0.1.0.tgz"
        }
      }
    },
    "express": {
      "version": "3.2.6",
      "from": "express@>=3.2.6 <3.3.0",
      "resolved": "https://registry.npmjs.org/express/-/express-3.2.6.tgz",
      "dependencies": {
        "connect": {
          "version": "2.7.11",
          "from": "connect@2.7.11",
          "resolved": "https://registry.npmjs.org/connect/-/connect-2.7.11.tgz",
          "dependencies": {
            "qs": {
              "version": "0.6.5",
              "from": "qs@0.6.5",
              "resolved": "https://registry.npmjs.org/qs/-/qs-0.6.5.tgz"
            },
            "formidable": {
              "version": "1.0.14",
              "from": "formidable@1.0.14",
              "resolved": "https://registry.npmjs.org/formidable/-/formidable-1.0.14.tgz"
            },
            "cookie": {
              "version": "0.0.5",
              "from": "cookie@0.0.5",
              "resolved": "https://registry.npmjs.org/cookie/-/cookie-0.0.5.tgz"
            },
            "send": {
              "version": "0.1.1",
              "from": "send@0.1.1",
              "resolved": "https://registry.npmjs.org/send/-/send-0.1.1.tgz",
              "dependencies": {
                "mime": {
                  "version": "1.2.11",
                  "from": "mime@>=1.2.9 <1.3.0",
                  "resolved": "https://registry.npmjs.org/mime/-/mime-1.2.11.tgz"
                }
              }
            },
            "bytes": {
              "version": "0.2.0",
              "from": "bytes@0.2.0",
              "resolved": "https://registry.npmjs.org/bytes/-/bytes-0.2.0.tgz"
            },
            "pause": {
              "version": "0.0.1",
              "from": "pause@0.0.1",
              "resolved": "https://registry.npmjs.org/pause/-/pause-0.0.1.tgz"
            }
          }
        },
        "commander": {
          "version": "0.6.1",
          "from": "commander@0.6.1",
          "resolved": "https://registry.npmjs.org/commander/-/commander-0.6.1.tgz"
        },
        "range-parser": {
          "version": "0.0.4",
          "from": "range-parser@0.0.4",
          "resolved": "https://registry.npmjs.org/range-parser/-/range-parser-0.0.4.tgz"
        },
        "mkdirp": {
          "version": "0.3.4",
          "from": "mkdirp@0.3.4",
          "resolved": "https://registry.npmjs.org/mkdirp/-/mkdirp-0.3.4.tgz"
        },
        "cookie": {
          "version": "0.1.0",
          "from": "cookie@0.1.0",
          "resolved": "https://registry.npmjs.org/cookie/-/cookie-0.1.0.tgz"
        },
        "buffer-crc32": {
          "version": "0.2.1",
          "from": "buffer-crc32@0.2.1",
          "resolved": "https://registry.npmjs.org/buffer-crc32/-/buffer-crc32-0.2.1.tgz"
        },
        "fresh": {
          "version": "0.1.0",
          "from": "fresh@0.1.0",
          "resolved": "https://registry.npmjs.org/fresh/-/fresh-0.1.0.tgz"
        },
        "methods": {
          "version": "0.0.1",
          "from": "methods@0.0.1",
          "resolved": "https://registry.npmjs.org/methods/-/methods-0.0.1.tgz"
        },
        "send": {
          "version": "0.1.0",
          "from": "send@0.1.0",
          "resolved": "https://registry.npmjs.org/send/-/send-0.1.0.tgz",
          "dependencies": {
            "mime": {
              "version": "1.2.6",
              "from": "mime@1.2.6",
              "resolved": "https://registry.npmjs.org/mime/-/mime-1.2.6.tgz"
            }
          }
        },
        "cookie-signature": {
          "version": "1.0.1",
          "from": "cookie-signature@1.0.1",
          "resolved": "https://registry.npmjs.org/cookie-signature/-/cookie-signature-1.0.1.tgz"
        },
        "debug": {
          "version": "2.2.0",
          "from": "debug@*",
          "resolved": "https://registry.npmjs.org/debug/-/debug-2.2.0.tgz",
          "dependencies": {
            "ms": {
              "version": "0.7.1",
              "from": "ms@0.7.1",
              "resolved": "https://registry.npmjs.org/ms/-/ms-0.7.1.tgz"
            }
          }
        }
      }
    },
    "github": {
      "version": "0.2.4",
      "from": "github@0.2.4",
      "resolved": "https://registry.npmjs.org/github/-/github-0.2.4.tgz"
    },
    "hookshot": {
      "version": "0.0.2",
      "from": "hookshot@>=0.0.2 <0.1.0",
      "resolved": "https://registry.npmjs.org/hookshot/-/hookshot-0.0.2.tgz"
    },
    "lodash": {
      "version": "1.2.1",
      "from": "lodash@>=1.2.1 <1.3.0",
      "resolved": "https://registry.npmjs.org/lodash/-/lodash-1.2.1.tgz"
    },
    "metahub": {
      "version": "0.6.2",
      "from": "git+https://github.com/cogniteev/metahub.git",
      "resolved": "git+https://github.com/cogniteev/metahub.git#b0b152dd08d648b9066a90a65f20cbd6f6b6dc8a",
      "dependencies": {
        "lodash": {
          "version": "1.3.1",
          "from": "lodash@>=1.3.1 <1.4.0",
          "resolved": "https://registry.npmjs.org/lodash/-/lodash-1.3.1.tgz"
        },
        "express": {
          "version": "3.3.8",
          "from": "express@>=3.3.4 <3.4.0",
          "resolved": "https://registry.npmjs.org/express/-/express-3.3.8.tgz",
          "dependencies": {
            "connect": {
              "version": "2.8.8",
              "from": "connect@2.8.8",
              "resolved": "https://registry.npmjs.org/connect/-/connect-2.8.8.tgz",
              "dependencies": {
                "qs": {
                  "version": "0.6.5",
                  "from": "qs@0.6.5",
                  "resolved": "https://registry.npmjs.org/qs/-/qs-0.6.5.tgz"
                },
                "formidable": {
                  "version": "1.0.14",
                  "from": "formidable@1.0.14",
                  "resolved": "https://registry.npmjs.org/formidable/-/formidable-1.0.14.tgz"
                },
                "bytes": {
                  "version": "0.2.0",
                  "from": "bytes@0.2.0",
                  "resolved": "https://registry.npmjs.org/bytes/-/bytes-0.2.0.tgz"
                },
                "pause": {
                  "version": "0.0.1",
                  "from": "pause@0.0.1",
                  "resolved": "https://registry.npmjs.org/pause/-/pause-0.0.1.tgz"
                },
                "uid2": {
                  "version": "0.0.2",
                  "from": "uid2@0.0.2",
                  "resolved": "https://registry.npmjs.org/uid2/-/uid2-0.0.2.tgz"
                }
              }
            },
            "commander": {
              "version": "1.2.0",
              "from": "commander@1.2.0",
              "resolved": "https://registry.npmjs.org/commander/-/commander-1.2.0.tgz",
              "dependencies": {
                "keypress": {
                  "version": "0.1.0",
                  "from": "keypress@>=0.1.0 <0.2.0",
                  "resolved": "https://registry.npmjs.org/keypress/-/keypress-0.1.0.tgz"
                }
              }
            },
            "range-parser": {
              "version": "0.0.4",
              "from": "range-parser@0.0.4",
              "resolved": "https://registry.npmjs.org/range-parser/-/range-parser-0.0.4.tgz"
            },
            "mkdirp": {
              "version": "0.3.5",
              "from": "mkdirp@0.3.5",
              "resolved": "https://registry.npmjs.org/mkdirp/-/mkdirp-0.3.5.tgz"
            },
            "cookie": {
              "version": "0.1.0",
              "from": "cookie@0.1.0",
              "resolved": "https://registry.npmjs.org/cookie/-/cookie-0.1.0.tgz"
            },
            "buffer-crc32": {
              "version": "0.2.1",
              "from": "buffer-crc32@0.2.1",
              "resolved": "https://registry.npmjs.org/buffer-crc32/-/buffer-crc32-0.2.1.tgz"
            },
            "fresh": {
              "version": "0.2.0",
              "from": "fresh@0.2.0",
              "resolved": "https://registry.npmjs.org/fresh/-/fresh-0.2.0.tgz"
            },
            "methods": {
              "version": "0.0.1",
              "from": "methods@0.0.1",
              "resolved": "https://registry.npmjs.org/methods/-/methods-0.0.1.tgz"
            },
            "send": {
              "version": "0.1.4",
              "from": "send@0.1.4",
              "resolved": "https://registry.npmjs.org/send/-/send-0.1.4.tgz",
              "dependencies": {
                "mime": {
                  "version": "1.2.11",
                  "from": "mime@>=1.2.9 <1.3.0",
                  "resolved": "https://registry.npmjs.org/mime/-/mime-1.2.11.tgz"
                }
              }
            },
            "cookie-signature": {
              "version": "1.0.1",
              "from": "cookie-signature@1.0.1",
              "resolved": "https://registry.npmjs.org/cookie-signature/-/cookie-signature-1.0.1.tgz"
            },
            "debug": {
              "version": "2.2.0",
              "from": "debug@*",
              "resolved": "https://registry.npmjs.org/debug/-/debug-2.2.0.tgz",
              "dependencies": {
                "ms": {
                  "version": "0.7.1",
                  "from": "ms@0.7.1",
                  "resolved": "https://registry.npmjs.org/ms/-/ms-0.7.1.tgz"
                }
              }
            }
          }
        }
      }
    },
    "q": {
      "version": "0.9.7",
      "from": "q@>=0.9.6 <0.10.0",
      "resolved": "https://registry.npmjs.org/q/-/q-0.9.7.tgz"
    },
    "qequire": {
      "version": "0.0.2",
      "from": "qequire@*",
      "resolved": "https://registry.npmjs.org/qequire/-/qequire-0.0.2.tgz"
    }
  }
}
